
Microsoft Visual Studio Solution File, Format Version 12.00
# Visual Studio Version 16
VisualStudioVersion = 16.0.31205.134
MinimumVisualStudioVersion = 10.0.40219.1
Project("{FAE04EC0-301F-11D3-BF4B-00C04F79EFBC}") = "check_health", "check_health.csproj", "{1C1AD424-B265-4F3F-88F1-EE72BE6F80AE}"
EndProject
Global
	GlobalSection(SolutionConfigurationPlatforms) = preSolution
		Debug|Any CPU = Debug|Any CPU
		Release|Any CPU = Release|Any CPU
	EndGlobalSection
	GlobalSection(ProjectConfigurationPlatforms) = postSolution
		{1C1AD424-B265-4F3F-88F1-EE72BE6F80AE}.Debug|Any CPU.ActiveCfg = Debug|Any CPU
		{1C1AD424-B265-4F3F-88F1-EE72BE6F80AE}.Debug|Any CPU.Build.0 = Debug|Any CPU
		{1C1AD424-B265-4F3F-88F1-EE72BE6F80AE}.Release|Any CPU.ActiveCfg = Release|Any CPU
		{1C1AD424-B265-4F3F-88F1-EE72BE6F80AE}.Release|Any CPU.Build.0 = Release|Any CPU
	EndGlobalSection
	GlobalSection(SolutionProperties) = preSolution
		HideSolutionNode = FALSE
	EndGlobalSection
	GlobalSection(ExtensibilityGlobals) = postSolution
		SolutionGuid = {C59F2118-1B71-4F35-BC43-CE8964AF4BC0}
	EndGlobalSection
EndGlobal
